<?xml version="1.0" encoding="utf-8"?>
<Project ToolsVersion="4.0" xmlns="http://schemas.microsoft.com/developer/msbuild/2003">
  <ItemGroup>
    <Filter Include="Source Files">
      <UniqueIdentifier>{399264ac-c341-43b4-820b-f77e5c23a32f}</UniqueIdentifier>
      <Extensions>cpp;c;cxx;rc;def;r;odl;idl;hpj;bat</Extensions>
    </Filter>
    <Filter Include="Header Files">
      <UniqueIdentifier>{e8656de5-9d4c-4d06-8eee-1bd9008b24cd}</UniqueIdentifier>
      <Extensions>h;hpp;hxx;hm;inl</Extensions>
    </Filter>
    <Filter Include="Resource Files">
      <UniqueIdentifier>{3e13450e-474f-4339-8a9c-57609ae4e297}</UniqueIdentifier>
      <Extensions>ico;cur;bmp;dlg;rc2;rct;bin;rgs;gif;jpg;jpeg;jpe</Extensions>
    </Filter>
  </ItemGroup>
  <ItemGroup>
    <ClCompile Include="gmp.c">
      <Filter>Source Files</Filter>
    </ClCompile>
    <ClCompile Include="gtp.c">
      <Filter>Source Files</Filter>
    </ClCompile>
    <ClCompile Include="main.c">
      <Filter>Source Files</Filter>
    </ClCompile>
    <ClCompile Include="play_ascii.c">
      <Filter>Source Files</Filter>
    </ClCompile>
    <ClCompile Include="play_gmp.c">
      <Filter>Source Files</Filter>
    </ClCompile>
    <ClCompile Include="play_gtp.c">
      <Filter>Source Files</Filter>
    </ClCompile>
    <ClCompile Include="play_solo.c">
      <Filter>Source Files</Filter>
    </ClCompile>
    <ClCompile Include="play_test.c">
      <Filter>Source Files</Filter>
    </ClCompile>
  </ItemGroup>
</Project>